Microsoft Visual Studio Solution File, Format Version 12.00
# Visual Studio 2012
Project("{FAE04EC0-301F-11D3-BF4B-00C04F79EFBC}") = "Vectoria", "Vectoria.csproj", "{B52B863D-6B09-4E4F-990D-7F52DCC162BC}"
EndProject
Global
	GlobalSection(SolutionConfigurationPlatforms) = preSolution
	Debug|Any CPU = Debug|Any CPU
	ExportDebug|Any CPU = ExportDebug|Any CPU
	ExportRelease|Any CPU = ExportRelease|Any CPU
	EndGlobalSection
	GlobalSection(ProjectConfigurationPlatforms) = postSolution
		{B52B863D-6B09-4E4F-990D-7F52DCC162BC}.Debug|Any CPU.ActiveCfg = Debug|Any CPU
		{B52B863D-6B09-4E4F-990D-7F52DCC162BC}.Debug|Any CPU.Build.0 = Debug|Any CPU
		{B52B863D-6B09-4E4F-990D-7F52DCC162BC}.ExportDebug|Any CPU.ActiveCfg = ExportDebug|Any CPU
		{B52B863D-6B09-4E4F-990D-7F52DCC162BC}.ExportDebug|Any CPU.Build.0 = ExportDebug|Any CPU
		{B52B863D-6B09-4E4F-990D-7F52DCC162BC}.ExportRelease|Any CPU.ActiveCfg = ExportRelease|Any CPU
		{B52B863D-6B09-4E4F-990D-7F52DCC162BC}.ExportRelease|Any CPU.Build.0 = ExportRelease|Any CPU
	EndGlobalSection
EndGlobal
